
Microsoft Visual Studio Solution File, Format Version 12.00
# Visual Studio Version 17
VisualStudioVersion = 17.11.35312.102
MinimumVisualStudioVersion = 10.0.40219.1
Project("{9A19103F-16F7-4668-BE54-9A1E7A4F7556}") = "ConadeWebApi", "ConadeWebApi2\ConadeWebApi.csproj", "{3DEF0C8E-3D35-47B5-B249-4349F1E36795}"
EndProject
Project("{9A19103F-16F7-4668-BE54-9A1E7A4F7556}") = "ClasesBase", "ClasesBase\ClasesBase.csproj", "{F663E798-DE32-4011-AE09-0C4826D3E078}"
EndProject
Project("{9A19103F-16F7-4668-BE54-9A1E7A4F7556}") = "AccesoDatos", "AccesoDatos\AccesoDatos.csproj", "{2356FD43-D5B9-45FE-9A1F-DD6FE8082108}"
EndProject
Global
	GlobalSection(SolutionConfigurationPlatforms) = preSolution
		Debug|Any CPU = Debug|Any CPU
		Release|Any CPU = Release|Any CPU
	EndGlobalSection
	GlobalSection(ProjectConfigurationPlatforms) = postSolution
		{3DEF0C8E-3D35-47B5-B249-4349F1E36795}.Debug|Any CPU.ActiveCfg = Debug|Any CPU
		{3DEF0C8E-3D35-47B5-B249-4349F1E36795}.Debug|Any CPU.Build.0 = Debug|Any CPU
		{3DEF0C8E-3D35-47B5-B249-4349F1E36795}.Release|Any CPU.ActiveCfg = Release|Any CPU
		{3DEF0C8E-3D35-47B5-B249-4349F1E36795}.Release|Any CPU.Build.0 = Release|Any CPU
		{F663E798-DE32-4011-AE09-0C4826D3E078}.Debug|Any CPU.ActiveCfg = Debug|Any CPU
		{F663E798-DE32-4011-AE09-0C4826D3E078}.Debug|Any CPU.Build.0 = Debug|Any CPU
		{F663E798-DE32-4011-AE09-0C4826D3E078}.Release|Any CPU.ActiveCfg = Release|Any CPU
		{F663E798-DE32-4011-AE09-0C4826D3E078}.Release|Any CPU.Build.0 = Release|Any CPU
		{2356FD43-D5B9-45FE-9A1F-DD6FE8082108}.Debug|Any CPU.ActiveCfg = Debug|Any CPU
		{2356FD43-D5B9-45FE-9A1F-DD6FE8082108}.Debug|Any CPU.Build.0 = Debug|Any CPU
		{2356FD43-D5B9-45FE-9A1F-DD6FE8082108}.Release|Any CPU.ActiveCfg = Release|Any CPU
		{2356FD43-D5B9-45FE-9A1F-DD6FE8082108}.Release|Any CPU.Build.0 = Release|Any CPU
	EndGlobalSection
	GlobalSection(SolutionProperties) = preSolution
		HideSolutionNode = FALSE
	EndGlobalSection
	GlobalSection(ExtensibilityGlobals) = postSolution
		SolutionGuid = {4B6172FB-15C1-4F01-B04E-BB065CEADC17}
	EndGlobalSection
EndGlobal
